
Microsoft Visual Studio Solution File, Format Version 12.00
# Visual Studio Version 16
VisualStudioVersion = 16.0.33423.256
MinimumVisualStudioVersion = 10.0.40219.1
Project("{FAE04EC0-301F-11D3-BF4B-00C04F79EFBC}") = "TACQUIRE", "TACQUIRE.csproj", "{4057FDA4-A271-4F5B-89E2-0B681E9AF7A0}"
EndProject
Global
	GlobalSection(SolutionConfigurationPlatforms) = preSolution
		Debug|Any CPU = Debug|Any CPU
		Release|Any CPU = Release|Any CPU
	EndGlobalSection
	GlobalSection(ProjectConfigurationPlatforms) = postSolution
		{4057FDA4-A271-4F5B-89E2-0B681E9AF7A0}.Debug|Any CPU.ActiveCfg = Debug|Any CPU
		{4057FDA4-A271-4F5B-89E2-0B681E9AF7A0}.Debug|Any CPU.Build.0 = Debug|Any CPU
		{4057FDA4-A271-4F5B-89E2-0B681E9AF7A0}.Release|Any CPU.ActiveCfg = Release|Any CPU
		{4057FDA4-A271-4F5B-89E2-0B681E9AF7A0}.Release|Any CPU.Build.0 = Release|Any CPU
	EndGlobalSection
	GlobalSection(SolutionProperties) = preSolution
		HideSolutionNode = FALSE
	EndGlobalSection
	GlobalSection(ExtensibilityGlobals) = postSolution
		SolutionGuid = {D65502A5-1537-44C4-BA46-94B0F0AEA544}
	EndGlobalSection
EndGlobal
